
Microsoft Visual Studio Solution File, Format Version 12.00
# Visual Studio Version 16
VisualStudioVersion = 16.0.30717.126
MinimumVisualStudioVersion = 10.0.40219.1
Project("{FAE04EC0-301F-11D3-BF4B-00C04F79EFBC}") = "GibddFouls", "GibddFouls\GibddFouls.csproj", "{8705993C-FE0E-4522-8D31-8E55CC479BDD}"
EndProject
Global
	GlobalSection(SolutionConfigurationPlatforms) = preSolution
		Debug|Any CPU = Debug|Any CPU
		Release|Any CPU = Release|Any CPU
	EndGlobalSection
	GlobalSection(ProjectConfigurationPlatforms) = postSolution
		{8705993C-FE0E-4522-8D31-8E55CC479BDD}.Debug|Any CPU.ActiveCfg = Debug|Any CPU
		{8705993C-FE0E-4522-8D31-8E55CC479BDD}.Debug|Any CPU.Build.0 = Debug|Any CPU
		{8705993C-FE0E-4522-8D31-8E55CC479BDD}.Release|Any CPU.ActiveCfg = Release|Any CPU
		{8705993C-FE0E-4522-8D31-8E55CC479BDD}.Release|Any CPU.Build.0 = Release|Any CPU
	EndGlobalSection
	GlobalSection(SolutionProperties) = preSolution
		HideSolutionNode = FALSE
	EndGlobalSection
	GlobalSection(ExtensibilityGlobals) = postSolution
		SolutionGuid = {10A14C5E-1947-4455-B542-743A24964E46}
	EndGlobalSection
EndGlobal
